{
  "name": "crossbrowser-extension",
  "version": "1.0.0",
  "lockfileVersion": 1,
  "requires": true,
  "dependencies": {
    "@types/estree": {
      "version": "0.0.45",
      "resolved": "https://registry.npmjs.org/@types/estree/-/estree-0.0.45.tgz",
      "integrity": "sha512-jnqIUKDUqJbDIUxm0Uj7bnlMnRm1T/eZ9N+AVMqhPgzrba2GhGG5o/jCTwmdPK709nEZsGoMzXEDUjcXHa3W0g=="
    },
    "@types/node": {
      "version": "14.14.7",
      "resolved": "https://registry.npmjs.org/@types/node/-/node-14.14.7.tgz",
      "integrity": "sha512-Zw1vhUSQZYw+7u5dAwNbIA9TuTotpzY/OF7sJM9FqPOF3SPjKnxrjoTktXDZgUjybf4cWVBP7O8wvKdSaGHweg=="
    },
    "acorn": {
      "version": "7.4.1",
      "resolved": "https://registry.npmjs.org/acorn/-/acorn-7.4.1.tgz",
      "integrity": "sha512-nQyp0o1/mNdbTO1PO6kHkwSrmgZ0MT/jCCpNiwbUjGoRN4dlBhqJtoQuCnEOKzgTVwg0ZWiCoQy6SxMebQVh8A=="
    },
    "is-any-array": {
      "version": "0.1.0",
      "resolved": "https://registry.npmjs.org/is-any-array/-/is-any-array-0.1.0.tgz",
      "integrity": "sha512-6Kkl1RnvfdkmXM6ZlP+kELGBMA74Nq5pSOm9gIKDaPRe9KQlIJzonrOgq0Jzn/iElB6F2/olpLgWYeVySzrSRg==",
      "requires": {
        "rollup": "^1.31.1"
      }
    },
    "median-quickselect": {
      "version": "1.0.1",
      "resolved": "https://registry.npmjs.org/median-quickselect/-/median-quickselect-1.0.1.tgz",
      "integrity": "sha1-3jQIA1pbLwQ4o5uZiT+vPn1hd/g="
    },
    "ml-array-max": {
      "version": "1.2.0",
      "resolved": "https://registry.npmjs.org/ml-array-max/-/ml-array-max-1.2.0.tgz",
      "integrity": "sha512-3UH7XCdjINxbtBWj1EuHMeI242Q3uLuC4rTpSybBWUpGjnG/BefAFxmTolUCuXDM59mJ/G/re80CQbaVIuMjQA==",
      "requires": {
        "is-any-array": "^0.1.0"
      }
    },
    "ml-array-mean": {
      "version": "1.1.4",
      "resolved": "https://registry.npmjs.org/ml-array-mean/-/ml-array-mean-1.1.4.tgz",
      "integrity": "sha512-xGpy4NanZAq2KcVD1Gf0UOjyNNLl1i7hoHqCHYIxxqI+o+KXa9rDAa5eJ9c82hlCx5hJe6AmyWp0e7a8VoK5uA==",
      "requires": {
        "ml-array-sum": "^1.1.4"
      }
    },
    "ml-array-median": {
      "version": "1.1.4",
      "resolved": "https://registry.npmjs.org/ml-array-median/-/ml-array-median-1.1.4.tgz",
      "integrity": "sha512-1h+V5WKCVzZV981yotHeUPatSoT7HzkHPVWECoCiUD1zDubfyg5CzL5jk1bMxFEHifHkyN/yo67Dj+kIQW7bjg==",
      "requires": {
        "is-any-array": "^0.1.0",
        "median-quickselect": "^1.0.1"
      }
    },
    "ml-array-min": {
      "version": "1.2.0",
      "resolved": "https://registry.npmjs.org/ml-array-min/-/ml-array-min-1.2.0.tgz",
      "integrity": "sha512-Wgf2+lCndLy1SbeOZSUqlkxD9T1CXPT7CIlNGAZRRQI35wsqvfuNtLNH4qKFx8kNjlq3VGXKOSBHeiXR31vaTA==",
      "requires": {
        "is-any-array": "^0.1.0"
      }
    },
    "ml-array-rescale": {
      "version": "1.3.2",
      "resolved": "https://registry.npmjs.org/ml-array-rescale/-/ml-array-rescale-1.3.2.tgz",
      "integrity": "sha512-kiXwdVCGrer7rLnjR6Q9ZgP6e9rbnmQvYVUMLXyqNg4+zOs+jek8yBupqPZPDr+NvlSE5OuMnfAbP1oA63kHBA==",
      "requires": {
        "is-any-array": "^0.1.0",
        "ml-array-max": "^1.2.0",
        "ml-array-min": "^1.2.0"
      }
    },
    "ml-array-sum": {
      "version": "1.1.4",
      "resolved": "https://registry.npmjs.org/ml-array-sum/-/ml-array-sum-1.1.4.tgz",
      "integrity": "sha512-e8nve4dwfRWXXRY+/Qt+R3agTLoOwhJxZM51CGyLI2dy+EAOuJy28ed3UePyE4lqkkNBzpormQOShA5pYYhFxg==",
      "requires": {
        "is-any-array": "^0.1.0"
      }
    },
    "ml-cart": {
      "version": "2.0.2",
      "resolved": "https://registry.npmjs.org/ml-cart/-/ml-cart-2.0.2.tgz",
      "integrity": "sha512-Pv92otQ7TlLnMc+1/GVRaesZAc9oAYPQVGjlK0DngmMlqjxZR1bgArhKAP9fOj0m62cjGvmcyrBMJU+SOYxhoQ==",
      "requires": {
        "ml-array-mean": "^1.1.4",
        "ml-matrix": "^6.5.3"
      }
    },
    "ml-dataset-iris": {
      "version": "1.1.1",
      "resolved": "https://registry.npmjs.org/ml-dataset-iris/-/ml-dataset-iris-1.1.1.tgz",
      "integrity": "sha512-EqzTQIOgzFqnNAvdsMDCfg5fbi3rXdJuCd+abjkB1TGh33iIiVgeqO5TWBYLATSnSmBsXdixjVDMh7R4sEqsAA=="
    },
    "ml-matrix": {
      "version": "6.5.3",
      "resolved": "https://registry.npmjs.org/ml-matrix/-/ml-matrix-6.5.3.tgz",
      "integrity": "sha512-wXrn+ccApJ6gHktxmosOzs6B6M0huadahDpcgPYIAJggpqN7CtV4Vd7zpW6Lel/1oM5yCULcrbRJ1A5gF/GYDA==",
      "requires": {
        "ml-array-rescale": "^1.3.2"
      }
    },
    "ml-random-forest": {
      "version": "2.0.2",
      "resolved": "https://registry.npmjs.org/ml-random-forest/-/ml-random-forest-2.0.2.tgz",
      "integrity": "sha512-1gO+SdSr3zOjtOAiW9jmO8xm0v3vudxjZ1M9vI3FIuUjEBobEVSV11RUsXRZpPTQdJ2hAK/I1eRL8CVGZ+FFxQ==",
      "requires": {
        "ml-array-mean": "^1.1.4",
        "ml-array-median": "^1.1.4",
        "ml-cart": "^2.0.2",
        "ml-matrix": "^6.5.3",
        "random-js": "^2.1.0"
      }
    },
    "random-js": {
      "version": "2.1.0",
      "resolved": "https://registry.npmjs.org/random-js/-/random-js-2.1.0.tgz",
      "integrity": "sha512-CRUyWmnzmZBA7RZSVGq0xMqmgCyPPxbiKNLFA5ud7KenojVX2s7Gv+V7eB52beKTPGxWRnVZ7D/tCIgYJJ8vNQ=="
    },
    "rollup": {
      "version": "1.32.1",
      "resolved": "https://registry.npmjs.org/rollup/-/rollup-1.32.1.tgz",
      "integrity": "sha512-/2HA0Ec70TvQnXdzynFffkjA6XN+1e2pEv/uKS5Ulca40g2L7KuOE3riasHoNVHOsFD5KKZgDsMk1CP3Tw9s+A==",
      "requires": {
        "@types/estree": "*",
        "@types/node": "*",
        "acorn": "^7.1.0"
      }
    }
  }
}
